// !$*UTF8*$!
{
	archiveVersion = 1;
	classes = {
	};
	objectVersion = 55;
	objects = {

/* Begin PBXBuildFile section */
		960CDB5D271717CC00DB1F31 /* CharactersViewModelTests.swift in Sources */ = {isa = PBXBuildFile; fileRef = 960CDB5C271717CC00DB1F31 /* CharactersViewModelTests.swift */; };
		960CDB602717228500DB1F31 /* RickAndMortyAPIMock.swift in Sources */ = {isa = PBXBuildFile; fileRef = 960CDB5F2717228500DB1F31 /* RickAndMortyAPIMock.swift */; };
		96712F73270E1D7F0029A893 /* CharacterDetailViewController.swift in Sources */ = {isa = PBXBuildFile; fileRef = 96712F71270E1D7F0029A893 /* CharacterDetailViewController.swift */; };
		96712F74270E1D7F0029A893 /* CharacterDetailViewController.xib in Resources */ = {isa = PBXBuildFile; fileRef = 96712F72270E1D7F0029A893 /* CharacterDetailViewController.xib */; };
		96FC84FB27074E2000E88AB0 /* AppDelegate.swift in Sources */ = {isa = PBXBuildFile; fileRef = 96FC84FA27074E2000E88AB0 /* AppDelegate.swift */; };
		96FC84FD27074E2000E88AB0 /* SceneDelegate.swift in Sources */ = {isa = PBXBuildFile; fileRef = 96FC84FC27074E2000E88AB0 /* SceneDelegate.swift */; };
		96FC84FF27074E2000E88AB0 /* ViewController.swift in Sources */ = {isa = PBXBuildFile; fileRef = 96FC84FE27074E2000E88AB0 /* ViewController.swift */; };
		96FC850227074E2000E88AB0 /* Main.storyboard in Resources */ = {isa = PBXBuildFile; fileRef = 96FC850027074E2000E88AB0 /* Main.storyboard */; };
		96FC850427074E2300E88AB0 /* Assets.xcassets in Resources */ = {isa = PBXBuildFile; fileRef = 96FC850327074E2300E88AB0 /* Assets.xcassets */; };
		96FC850727074E2300E88AB0 /* LaunchScreen.storyboard in Resources */ = {isa = PBXBuildFile; fileRef = 96FC850527074E2300E88AB0 /* LaunchScreen.storyboard */; };
		96FC851227074E2300E88AB0 /* RickAndMortyAppTests.swift in Sources */ = {isa = PBXBuildFile; fileRef = 96FC851127074E2300E88AB0 /* RickAndMortyAppTests.swift */; };
		96FC851C27074E2300E88AB0 /* RickAndMortyAppUITests.swift in Sources */ = {isa = PBXBuildFile; fileRef = 96FC851B27074E2300E88AB0 /* RickAndMortyAppUITests.swift */; };
		96FC851E27074E2300E88AB0 /* RickAndMortyAppUITestsLaunchTests.swift in Sources */ = {isa = PBXBuildFile; fileRef = 96FC851D27074E2300E88AB0 /* RickAndMortyAppUITestsLaunchTests.swift */; };
		96FC852D2707520600E88AB0 /* Character.swift in Sources */ = {isa = PBXBuildFile; fileRef = 96FC852C2707520600E88AB0 /* Character.swift */; };
		96FC852F2707534B00E88AB0 /* Origin.swift in Sources */ = {isa = PBXBuildFile; fileRef = 96FC852E2707534B00E88AB0 /* Origin.swift */; };
		96FC85312707544500E88AB0 /* Location.swift in Sources */ = {isa = PBXBuildFile; fileRef = 96FC85302707544500E88AB0 /* Location.swift */; };
		96FC8534270754D500E88AB0 /* RickAndMortyAPI.swift in Sources */ = {isa = PBXBuildFile; fileRef = 96FC8533270754D500E88AB0 /* RickAndMortyAPI.swift */; };
		96FC85382707670B00E88AB0 /* CharactersViewController.swift in Sources */ = {isa = PBXBuildFile; fileRef = 96FC85372707670B00E88AB0 /* CharactersViewController.swift */; };
		96FC853A2707673A00E88AB0 /* CharactersViewModel.swift in Sources */ = {isa = PBXBuildFile; fileRef = 96FC85392707673A00E88AB0 /* CharactersViewModel.swift */; };
		96FF0346270B2FDC00E3DFE5 /* SDWebImage in Frameworks */ = {isa = PBXBuildFile; productRef = 96FF0345270B2FDC00E3DFE5 /* SDWebImage */; };
		96FF0348270B308B00E3DFE5 /* CharacterViewCell.swift in Sources */ = {isa = PBXBuildFile; fileRef = 96FF0347270B308B00E3DFE5 /* CharacterViewCell.swift */; };
		96FF034B270B458F00E3DFE5 /* Swinject in Frameworks */ = {isa = PBXBuildFile; productRef = 96FF034A270B458F00E3DFE5 /* Swinject */; };
		96FF034E270B685100E3DFE5 /* AppContainer.swift in Sources */ = {isa = PBXBuildFile; fileRef = 96FF034D270B685100E3DFE5 /* AppContainer.swift */; };
/* End PBXBuildFile section */

/* Begin PBXContainerItemProxy section */
		96FC850E27074E2300E88AB0 /* PBXContainerItemProxy */ = {
			isa = PBXContainerItemProxy;
			containerPortal = 96FC84EF27074E2000E88AB0 /* Project object */;
			proxyType = 1;
			remoteGlobalIDString = 96FC84F627074E2000E88AB0;
			remoteInfo = RickAndMortyApp;
		};
		96FC851827074E2300E88AB0 /* PBXContainerItemProxy */ = {
			isa = PBXContainerItemProxy;
			containerPortal = 96FC84EF27074E2000E88AB0 /* Project object */;
			proxyType = 1;
			remoteGlobalIDString = 96FC84F627074E2000E88AB0;
			remoteInfo = RickAndMortyApp;
		};
/* End PBXContainerItemProxy section */

/* Begin PBXFileReference section */
		960CDB5C271717CC00DB1F31 /* CharactersViewModelTests.swift */ = {isa = PBXFileReference; lastKnownFileType = sourcecode.swift; path = CharactersViewModelTests.swift; sourceTree = "<group>"; };
		960CDB5F2717228500DB1F31 /* RickAndMortyAPIMock.swift */ = {isa = PBXFileReference; lastKnownFileType = sourcecode.swift; path = RickAndMortyAPIMock.swift; sourceTree = "<group>"; };
		96712F71270E1D7F0029A893 /* CharacterDetailViewController.swift */ = {isa = PBXFileReference; lastKnownFileType = sourcecode.swift; path = CharacterDetailViewController.swift; sourceTree = "<group>"; };
		96712F72270E1D7F0029A893 /* CharacterDetailViewController.xib */ = {isa = PBXFileReference; lastKnownFileType = file.xib; path = CharacterDetailViewController.xib; sourceTree = "<group>"; };
		96FC84F727074E2000E88AB0 /* RickAndMortyApp.app */ = {isa = PBXFileReference; explicitFileType = wrapper.application; includeInIndex = 0; path = RickAndMortyApp.app; sourceTree = BUILT_PRODUCTS_DIR; };
		96FC84FA27074E2000E88AB0 /* AppDelegate.swift */ = {isa = PBXFileReference; lastKnownFileType = sourcecode.swift; path = AppDelegate.swift; sourceTree = "<group>"; };
		96FC84FC27074E2000E88AB0 /* SceneDelegate.swift */ = {isa = PBXFileReference; lastKnownFileType = sourcecode.swift; path = SceneDelegate.swift; sourceTree = "<group>"; };
		96FC84FE27074E2000E88AB0 /* ViewController.swift */ = {isa = PBXFileReference; lastKnownFileType = sourcecode.swift; path = ViewController.swift; sourceTree = "<group>"; };
		96FC850127074E2000E88AB0 /* Base */ = {isa = PBXFileReference; lastKnownFileType = file.storyboard; name = Base; path = Base.lproj/Main.storyboard; sourceTree = "<group>"; };
		96FC850327074E2300E88AB0 /* Assets.xcassets */ = {isa = PBXFileReference; lastKnownFileType = folder.assetcatalog; path = Assets.xcassets; sourceTree = "<group>"; };
		96FC850627074E2300E88AB0 /* Base */ = {isa = PBXFileReference; lastKnownFileType = file.storyboard; name = Base; path = Base.lproj/LaunchScreen.storyboard; sourceTree = "<group>"; };
		96FC850827074E2300E88AB0 /* Info.plist */ = {isa = PBXFileReference; lastKnownFileType = text.plist.xml; path = Info.plist; sourceTree = "<group>"; };
		96FC850D27074E2300E88AB0 /* RickAndMortyAppTests.xctest */ = {isa = PBXFileReference; explicitFileType = wrapper.cfbundle; includeInIndex = 0; path = RickAndMortyAppTests.xctest; sourceTree = BUILT_PRODUCTS_DIR; };
		96FC851127074E2300E88AB0 /* RickAndMortyAppTests.swift */ = {isa = PBXFileReference; lastKnownFileType = sourcecode.swift; path = RickAndMortyAppTests.swift; sourceTree = "<group>"; };
		96FC851727074E2300E88AB0 /* RickAndMortyAppUITests.xctest */ = {isa = PBXFileReference; explicitFileType = wrapper.cfbundle; includeInIndex = 0; path = RickAndMortyAppUITests.xctest; sourceTree = BUILT_PRODUCTS_DIR; };
		96FC851B27074E2300E88AB0 /* RickAndMortyAppUITests.swift */ = {isa = PBXFileReference; lastKnownFileType = sourcecode.swift; path = RickAndMortyAppUITests.swift; sourceTree = "<group>"; };
		96FC851D27074E2300E88AB0 /* RickAndMortyAppUITestsLaunchTests.swift */ = {isa = PBXFileReference; lastKnownFileType = sourcecode.swift; path = RickAndMortyAppUITestsLaunchTests.swift; sourceTree = "<group>"; };
		96FC852C2707520600E88AB0 /* Character.swift */ = {isa = PBXFileReference; lastKnownFileType = sourcecode.swift; path = Character.swift; sourceTree = "<group>"; };
		96FC852E2707534B00E88AB0 /* Origin.swift */ = {isa = PBXFileReference; lastKnownFileType = sourcecode.swift; path = Origin.swift; sourceTree = "<group>"; };
		96FC85302707544500E88AB0 /* Location.swift */ = {isa = PBXFileReference; lastKnownFileType = sourcecode.swift; path = Location.swift; sourceTree = "<group>"; };
		96FC8533270754D500E88AB0 /* RickAndMortyAPI.swift */ = {isa = PBXFileReference; lastKnownFileType = sourcecode.swift; path = RickAndMortyAPI.swift; sourceTree = "<group>"; };
		96FC85372707670B00E88AB0 /* CharactersViewController.swift */ = {isa = PBXFileReference; lastKnownFileType = sourcecode.swift; path = CharactersViewController.swift; sourceTree = "<group>"; };
		96FC85392707673A00E88AB0 /* CharactersViewModel.swift */ = {isa = PBXFileReference; lastKnownFileType = sourcecode.swift; path = CharactersViewModel.swift; sourceTree = "<group>"; };
		96FF0347270B308B00E3DFE5 /* CharacterViewCell.swift */ = {isa = PBXFileReference; lastKnownFileType = sourcecode.swift; path = CharacterViewCell.swift; sourceTree = "<group>"; };
		96FF034D270B685100E3DFE5 /* AppContainer.swift */ = {isa = PBXFileReference; lastKnownFileType = sourcecode.swift; path = AppContainer.swift; sourceTree = "<group>"; };
/* End PBXFileReference section */

/* Begin PBXFrameworksBuildPhase section */
		96FC84F427074E2000E88AB0 /* Frameworks */ = {
			isa = PBXFrameworksBuildPhase;
			buildActionMask = 2147483647;
			files = (
				96FF0346270B2FDC00E3DFE5 /* SDWebImage in Frameworks */,
				96FF034B270B458F00E3DFE5 /* Swinject in Frameworks */,
			);
			runOnlyForDeploymentPostprocessing = 0;
		};
		96FC850A27074E2300E88AB0 /* Frameworks */ = {
			isa = PBXFrameworksBuildPhase;
			buildActionMask = 2147483647;
			files = (
			);
			runOnlyForDeploymentPostprocessing = 0;
		};
		96FC851427074E2300E88AB0 /* Frameworks */ = {
			isa = PBXFrameworksBuildPhase;
			buildActionMask = 2147483647;
			files = (
			);
			runOnlyForDeploymentPostprocessing = 0;
		};
/* End PBXFrameworksBuildPhase section */

/* Begin PBXGroup section */
		960CDB5E271718A100DB1F31 /* mock */ = {
			isa = PBXGroup;
			children = (
				960CDB5F2717228500DB1F31 /* RickAndMortyAPIMock.swift */,
			);
			path = mock;
			sourceTree = "<group>";
		};
		96712F6C270E0EED0029A893 /* characterDetail */ = {
			isa = PBXGroup;
			children = (
				96712F71270E1D7F0029A893 /* CharacterDetailViewController.swift */,
				96712F72270E1D7F0029A893 /* CharacterDetailViewController.xib */,
			);
			path = characterDetail;
			sourceTree = "<group>";
		};
		96FC84EE27074E2000E88AB0 = {
			isa = PBXGroup;
			children = (
				96FC84F927074E2000E88AB0 /* RickAndMortyApp */,
				96FC851027074E2300E88AB0 /* RickAndMortyAppTests */,
				96FC851A27074E2300E88AB0 /* RickAndMortyAppUITests */,
				96FC84F827074E2000E88AB0 /* Products */,
			);
			sourceTree = "<group>";
		};
		96FC84F827074E2000E88AB0 /* Products */ = {
			isa = PBXGroup;
			children = (
				96FC84F727074E2000E88AB0 /* RickAndMortyApp.app */,
				96FC850D27074E2300E88AB0 /* RickAndMortyAppTests.xctest */,
				96FC851727074E2300E88AB0 /* RickAndMortyAppUITests.xctest */,
			);
			name = Products;
			sourceTree = "<group>";
		};
		96FC84F927074E2000E88AB0 /* RickAndMortyApp */ = {
			isa = PBXGroup;
			children = (
				96FF034C270B681800E3DFE5 /* di */,
				96FC8535270766BE00E88AB0 /* view */,
				96FC852A2707513C00E88AB0 /* data */,
				96FC84FA27074E2000E88AB0 /* AppDelegate.swift */,
				96FC84FC27074E2000E88AB0 /* SceneDelegate.swift */,
				96FC84FE27074E2000E88AB0 /* ViewController.swift */,
				96FC850027074E2000E88AB0 /* Main.storyboard */,
				96FC850327074E2300E88AB0 /* Assets.xcassets */,
				96FC850527074E2300E88AB0 /* LaunchScreen.storyboard */,
				96FC850827074E2300E88AB0 /* Info.plist */,
			);
			path = RickAndMortyApp;
			sourceTree = "<group>";
		};
		96FC851027074E2300E88AB0 /* RickAndMortyAppTests */ = {
			isa = PBXGroup;
			children = (
				960CDB5E271718A100DB1F31 /* mock */,
				96FC851127074E2300E88AB0 /* RickAndMortyAppTests.swift */,
				960CDB5C271717CC00DB1F31 /* CharactersViewModelTests.swift */,
			);
			path = RickAndMortyAppTests;
			sourceTree = "<group>";
		};
		96FC851A27074E2300E88AB0 /* RickAndMortyAppUITests */ = {
			isa = PBXGroup;
			children = (
				96FC851B27074E2300E88AB0 /* RickAndMortyAppUITests.swift */,
				96FC851D27074E2300E88AB0 /* RickAndMortyAppUITestsLaunchTests.swift */,
			);
			path = RickAndMortyAppUITests;
			sourceTree = "<group>";
		};
		96FC852A2707513C00E88AB0 /* data */ = {
			isa = PBXGroup;
			children = (
				96FC8532270754AF00E88AB0 /* api */,
				96FC852B270751E500E88AB0 /* response */,
			);
			path = data;
			sourceTree = "<group>";
		};
		96FC852B270751E500E88AB0 /* response */ = {
			isa = PBXGroup;
			children = (
				96FC852C2707520600E88AB0 /* Character.swift */,
				96FC852E2707534B00E88AB0 /* Origin.swift */,
				96FC85302707544500E88AB0 /* Location.swift */,
			);
			path = response;
			sourceTree = "<group>";
		};
		96FC8532270754AF00E88AB0 /* api */ = {
			isa = PBXGroup;
			children = (
				96FC8533270754D500E88AB0 /* RickAndMortyAPI.swift */,
			);
			path = api;
			sourceTree = "<group>";
		};
		96FC8535270766BE00E88AB0 /* view */ = {
			isa = PBXGroup;
			children = (
				96712F6C270E0EED0029A893 /* characterDetail */,
				96FC8536270766EA00E88AB0 /* characters */,
			);
			path = view;
			sourceTree = "<group>";
		};
		96FC8536270766EA00E88AB0 /* characters */ = {
			isa = PBXGroup;
			children = (
				96FC85372707670B00E88AB0 /* CharactersViewController.swift */,
				96FC85392707673A00E88AB0 /* CharactersViewModel.swift */,
				96FF0347270B308B00E3DFE5 /* CharacterViewCell.swift */,
			);
			path = characters;
			sourceTree = "<group>";
		};
		96FF034C270B681800E3DFE5 /* di */ = {
			isa = PBXGroup;
			children = (
				96FF034D270B685100E3DFE5 /* AppContainer.swift */,
			);
			path = di;
			sourceTree = "<group>";
		};
/* End PBXGroup section */

/* Begin PBXNativeTarget section */
		96FC84F627074E2000E88AB0 /* RickAndMortyApp */ = {
			isa = PBXNativeTarget;
			buildConfigurationList = 96FC852127074E2300E88AB0 /* Build configuration list for PBXNativeTarget "RickAndMortyApp" */;
			buildPhases = (
				96FC84F327074E2000E88AB0 /* Sources */,
				96FC84F427074E2000E88AB0 /* Frameworks */,
				96FC84F527074E2000E88AB0 /* Resources */,
			);
			buildRules = (
			);
			dependencies = (
			);
			name = RickAndMortyApp;
			packageProductDependencies = (
				96FF0345270B2FDC00E3DFE5 /* SDWebImage */,
				96FF034A270B458F00E3DFE5 /* Swinject */,
			);
			productName = RickAndMortyApp;
			productReference = 96FC84F727074E2000E88AB0 /* RickAndMortyApp.app */;
			productType = "com.apple.product-type.application";
		};
		96FC850C27074E2300E88AB0 /* RickAndMortyAppTests */ = {
			isa = PBXNativeTarget;
			buildConfigurationList = 96FC852427074E2300E88AB0 /* Build configuration list for PBXNativeTarget "RickAndMortyAppTests" */;
			buildPhases = (
				96FC850927074E2300E88AB0 /* Sources */,
				96FC850A27074E2300E88AB0 /* Frameworks */,
				96FC850B27074E2300E88AB0 /* Resources */,
			);
			buildRules = (
			);
			dependencies = (
				96FC850F27074E2300E88AB0 /* PBXTargetDependency */,
			);
			name = RickAndMortyAppTests;
			productName = RickAndMortyAppTests;
			productReference = 96FC850D27074E2300E88AB0 /* RickAndMortyAppTests.xctest */;
			productType = "com.apple.product-type.bundle.unit-test";
		};
		96FC851627074E2300E88AB0 /* RickAndMortyAppUITests */ = {
			isa = PBXNativeTarget;
			buildConfigurationList = 96FC852727074E2300E88AB0 /* Build configuration list for PBXNativeTarget "RickAndMortyAppUITests" */;
			buildPhases = (
				96FC851327074E2300E88AB0 /* Sources */,
				96FC851427074E2300E88AB0 /* Frameworks */,
				96FC851527074E2300E88AB0 /* Resources */,
			);
			buildRules = (
			);
			dependencies = (
				96FC851927074E2300E88AB0 /* PBXTargetDependency */,
			);
			name = RickAndMortyAppUITests;
			productName = RickAndMortyAppUITests;
			productReference = 96FC851727074E2300E88AB0 /* RickAndMortyAppUITests.xctest */;
			productType = "com.apple.product-type.bundle.ui-testing";
		};
/* End PBXNativeTarget section */

/* Begin PBXProject section */
		96FC84EF27074E2000E88AB0 /* Project object */ = {
			isa = PBXProject;
			attributes = {
				BuildIndependentTargetsInParallel = 1;
				LastSwiftUpdateCheck = 1300;
				LastUpgradeCheck = 1300;
				TargetAttributes = {
					96FC84F627074E2000E88AB0 = {
						CreatedOnToolsVersion = 13.0;
					};
					96FC850C27074E2300E88AB0 = {
						CreatedOnToolsVersion = 13.0;
						TestTargetID = 96FC84F627074E2000E88AB0;
					};
					96FC851627074E2300E88AB0 = {
						CreatedOnToolsVersion = 13.0;
						TestTargetID = 96FC84F627074E2000E88AB0;
					};
				};
			};
			buildConfigurationList = 96FC84F227074E2000E88AB0 /* Build configuration list for PBXProject "RickAndMortyApp" */;
			compatibilityVersion = "Xcode 13.0";
			developmentRegion = en;
			hasScannedForEncodings = 0;
			knownRegions = (
				en,
				Base,
			);
			mainGroup = 96FC84EE27074E2000E88AB0;
			packageReferences = (
				96FF0344270B2FDC00E3DFE5 /* XCRemoteSwiftPackageReference "SDWebImage" */,
				96FF0349270B458F00E3DFE5 /* XCRemoteSwiftPackageReference "Swinject" */,
			);
			productRefGroup = 96FC84F827074E2000E88AB0 /* Products */;
			projectDirPath = "";
			projectRoot = "";
			targets = (
				96FC84F627074E2000E88AB0 /* RickAndMortyApp */,
				96FC850C27074E2300E88AB0 /* RickAndMortyAppTests */,
				96FC851627074E2300E88AB0 /* RickAndMortyAppUITests */,
			);
		};
/* End PBXProject section */

/* Begin PBXResourcesBuildPhase section */
		96FC84F527074E2000E88AB0 /* Resources */ = {
			isa = PBXResourcesBuildPhase;
			buildActionMask = 2147483647;
			files = (
				96FC850727074E2300E88AB0 /* LaunchScreen.storyboard in Resources */,
				96FC850427074E2300E88AB0 /* Assets.xcassets in Resources */,
				96FC850227074E2000E88AB0 /* Main.storyboard in Resources */,
				96712F74270E1D7F0029A893 /* CharacterDetailViewController.xib in Resources */,
			);
			runOnlyForDeploymentPostprocessing = 0;
		};
		96FC850B27074E2300E88AB0 /* Resources */ = {
			isa = PBXResourcesBuildPhase;
			buildActionMask = 2147483647;
			files = (
			);
			runOnlyForDeploymentPostprocessing = 0;
		};
		96FC851527074E2300E88AB0 /* Resources */ = {
			isa = PBXResourcesBuildPhase;
			buildActionMask = 2147483647;
			files = (
			);
			runOnlyForDeploymentPostprocessing = 0;
		};
/* End PBXResourcesBuildPhase section */

/* Begin PBXSourcesBuildPhase section */
		96FC84F327074E2000E88AB0 /* Sources */ = {
			isa = PBXSourcesBuildPhase;
			buildActionMask = 2147483647;
			files = (
				96FC853A2707673A00E88AB0 /* CharactersViewModel.swift in Sources */,
				96712F73270E1D7F0029A893 /* CharacterDetailViewController.swift in Sources */,
				96FC85382707670B00E88AB0 /* CharactersViewController.swift in Sources */,
				96FC8534270754D500E88AB0 /* RickAndMortyAPI.swift in Sources */,
				96FC84FF27074E2000E88AB0 /* ViewController.swift in Sources */,
				96FC84FB27074E2000E88AB0 /* AppDelegate.swift in Sources */,
				96FC852F2707534B00E88AB0 /* Origin.swift in Sources */,
				96FF034E270B685100E3DFE5 /* AppContainer.swift in Sources */,
				96FC852D2707520600E88AB0 /* Character.swift in Sources */,
				96FC85312707544500E88AB0 /* Location.swift in Sources */,
				96FF0348270B308B00E3DFE5 /* CharacterViewCell.swift in Sources */,
				96FC84FD27074E2000E88AB0 /* SceneDelegate.swift in Sources */,
			);
			runOnlyForDeploymentPostprocessing = 0;
		};
		96FC850927074E2300E88AB0 /* Sources */ = {
			isa = PBXSourcesBuildPhase;
			buildActionMask = 2147483647;
			files = (
				960CDB5D271717CC00DB1F31 /* CharactersViewModelTests.swift in Sources */,
				960CDB602717228500DB1F31 /* RickAndMortyAPIMock.swift in Sources */,
				96FC851227074E2300E88AB0 /* RickAndMortyAppTests.swift in Sources */,
			);
			runOnlyForDeploymentPostprocessing = 0;
		};
		96FC851327074E2300E88AB0 /* Sources */ = {
			isa = PBXSourcesBuildPhase;
			buildActionMask = 2147483647;
			files = (
				96FC851C27074E2300E88AB0 /* RickAndMortyAppUITests.swift in Sources */,
				96FC851E27074E2300E88AB0 /* RickAndMortyAppUITestsLaunchTests.swift in Sources */,
			);
			runOnlyForDeploymentPostprocessing = 0;
		};
/* End PBXSourcesBuildPhase section */

/* Begin PBXTargetDependency section */
		96FC850F27074E2300E88AB0 /* PBXTargetDependency */ = {
			isa = PBXTargetDependency;
			target = 96FC84F627074E2000E88AB0 /* RickAndMortyApp */;
			targetProxy = 96FC850E27074E2300E88AB0 /* PBXContainerItemProxy */;
		};
		96FC851927074E2300E88AB0 /* PBXTargetDependency */ = {
			isa = PBXTargetDependency;
			target = 96FC84F627074E2000E88AB0 /* RickAndMortyApp */;
			targetProxy = 96FC851827074E2300E88AB0 /* PBXContainerItemProxy */;
		};
/* End PBXTargetDependency section */

/* Begin PBXVariantGroup section */
		96FC850027074E2000E88AB0 /* Main.storyboard */ = {
			isa = PBXVariantGroup;
			children = (
				96FC850127074E2000E88AB0 /* Base */,
			);
			name = Main.storyboard;
			sourceTree = "<group>";
		};
		96FC850527074E2300E88AB0 /* LaunchScreen.storyboard */ = {
			isa = PBXVariantGroup;
			children = (
				96FC850627074E2300E88AB0 /* Base */,
			);
			name = LaunchScreen.storyboard;
			sourceTree = "<group>";
		};
/* End PBXVariantGroup section */

/* Begin XCBuildConfiguration section */
		96FC851F27074E2300E88AB0 /* Debug */ = {
			isa = XCBuildConfiguration;
			buildSettings = {
				ALWAYS_SEARCH_USER_PATHS = NO;
				CLANG_ANALYZER_NONNULL = YES;
				CLANG_ANALYZER_NUMBER_OBJECT_CONVERSION = YES_AGGRESSIVE;
				CLANG_CXX_LANGUAGE_STANDARD = "gnu++17";
				CLANG_CXX_LIBRARY = "libc++";
				CLANG_ENABLE_MODULES = YES;
				CLANG_ENABLE_OBJC_ARC = YES;
				CLANG_ENABLE_OBJC_WEAK = YES;
				CLANG_WARN_BLOCK_CAPTURE_AUTORELEASING = YES;
				CLANG_WARN_BOOL_CONVERSION = YES;
				CLANG_WARN_COMMA = YES;
				CLANG_WARN_CONSTANT_CONVERSION = YES;
				CLANG_WARN_DEPRECATED_OBJC_IMPLEMENTATIONS = YES;
				CLANG_WARN_DIRECT_OBJC_ISA_USAGE = YES_ERROR;
				CLANG_WARN_DOCUMENTATION_COMMENTS = YES;
				CLANG_WARN_EMPTY_BODY = YES;
				CLANG_WARN_ENUM_CONVERSION = YES;
				CLANG_WARN_INFINITE_RECURSION = YES;
				CLANG_WARN_INT_CONVERSION = YES;
				CLANG_WARN_NON_LITERAL_NULL_CONVERSION = YES;
				CLANG_WARN_OBJC_IMPLICIT_RETAIN_SELF = YES;
				CLANG_WARN_OBJC_LITERAL_CONVERSION = YES;
				CLANG_WARN_OBJC_ROOT_CLASS = YES_ERROR;
				CLANG_WARN_QUOTED_INCLUDE_IN_FRAMEWORK_HEADER = YES;
				CLANG_WARN_RANGE_LOOP_ANALYSIS = YES;
				CLANG_WARN_STRICT_PROTOTYPES = YES;
				CLANG_WARN_SUSPICIOUS_MOVE = YES;
				CLANG_WARN_UNGUARDED_AVAILABILITY = YES_AGGRESSIVE;
				CLANG_WARN_UNREACHABLE_CODE = YES;
				CLANG_WARN__DUPLICATE_METHOD_MATCH = YES;
				COPY_PHASE_STRIP = NO;
				DEBUG_INFORMATION_FORMAT = dwarf;
				ENABLE_STRICT_OBJC_MSGSEND = YES;
				ENABLE_TESTABILITY = YES;
				GCC_C_LANGUAGE_STANDARD = gnu11;
				GCC_DYNAMIC_NO_PIC = NO;
				GCC_NO_COMMON_BLOCKS = YES;
				GCC_OPTIMIZATION_LEVEL = 0;
				GCC_PREPROCESSOR_DEFINITIONS = (
					"DEBUG=1",
					"$(inherited)",
				);
				GCC_WARN_64_TO_32_BIT_CONVERSION = YES;
				GCC_WARN_ABOUT_RETURN_TYPE = YES_ERROR;
				GCC_WARN_UNDECLARED_SELECTOR = YES;
				GCC_WARN_UNINITIALIZED_AUTOS = YES_AGGRESSIVE;
				GCC_WARN_UNUSED_FUNCTION = YES;
				GCC_WARN_UNUSED_VARIABLE = YES;
				IPHONEOS_DEPLOYMENT_TARGET = 15.0;
				MTL_ENABLE_DEBUG_INFO = INCLUDE_SOURCE;
				MTL_FAST_MATH = YES;
				ONLY_ACTIVE_ARCH = YES;
				SDKROOT = iphoneos;
				SWIFT_ACTIVE_COMPILATION_CONDITIONS = DEBUG;
				SWIFT_OPTIMIZATION_LEVEL = "-Onone";
			};
			name = Debug;
		};
		96FC852027074E2300E88AB0 /* Release */ = {
			isa = XCBuildConfiguration;
			buildSettings = {
				ALWAYS_SEARCH_USER_PATHS = NO;
				CLANG_ANALYZER_NONNULL = YES;
				CLANG_ANALYZER_NUMBER_OBJECT_CONVERSION = YES_AGGRESSIVE;
				CLANG_CXX_LANGUAGE_STANDARD = "gnu++17";
				CLANG_CXX_LIBRARY = "libc++";
				CLANG_ENABLE_MODULES = YES;
				CLANG_ENABLE_OBJC_ARC = YES;
				CLANG_ENABLE_OBJC_WEAK = YES;
				CLANG_WARN_BLOCK_CAPTURE_AUTORELEASING = YES;
				CLANG_WARN_BOOL_CONVERSION = YES;
				CLANG_WARN_COMMA = YES;
				CLANG_WARN_CONSTANT_CONVERSION = YES;
				CLANG_WARN_DEPRECATED_OBJC_IMPLEMENTATIONS = YES;
				CLANG_WARN_DIRECT_OBJC_ISA_USAGE = YES_ERROR;
				CLANG_WARN_DOCUMENTATION_COMMENTS = YES;
				CLANG_WARN_EMPTY_BODY = YES;
				CLANG_WARN_ENUM_CONVERSION = YES;
				CLANG_WARN_INFINITE_RECURSION = YES;
				CLANG_WARN_INT_CONVERSION = YES;
				CLANG_WARN_NON_LITERAL_NULL_CONVERSION = YES;
				CLANG_WARN_OBJC_IMPLICIT_RETAIN_SELF = YES;
				CLANG_WARN_OBJC_LITERAL_CONVERSION = YES;
				CLANG_WARN_OBJC_ROOT_CLASS = YES_ERROR;
				CLANG_WARN_QUOTED_INCLUDE_IN_FRAMEWORK_HEADER = YES;
				CLANG_WARN_RANGE_LOOP_ANALYSIS = YES;
				CLANG_WARN_STRICT_PROTOTYPES = YES;
				CLANG_WARN_SUSPICIOUS_MOVE = YES;
				CLANG_WARN_UNGUARDED_AVAILABILITY = YES_AGGRESSIVE;
				CLANG_WARN_UNREACHABLE_CODE = YES;
				CLANG_WARN__DUPLICATE_METHOD_MATCH = YES;
				COPY_PHASE_STRIP = NO;
				DEBUG_INFORMATION_FORMAT = "dwarf-with-dsym";
				ENABLE_NS_ASSERTIONS = NO;
				ENABLE_STRICT_OBJC_MSGSEND = YES;
				GCC_C_LANGUAGE_STANDARD = gnu11;
				GCC_NO_COMMON_BLOCKS = YES;
				GCC_WARN_64_TO_32_BIT_CONVERSION = YES;
				GCC_WARN_ABOUT_RETURN_TYPE = YES_ERROR;
				GCC_WARN_UNDECLARED_SELECTOR = YES;
				GCC_WARN_UNINITIALIZED_AUTOS = YES_AGGRESSIVE;
				GCC_WARN_UNUSED_FUNCTION = YES;
				GCC_WARN_UNUSED_VARIABLE = YES;
				IPHONEOS_DEPLOYMENT_TARGET = 15.0;
				MTL_ENABLE_DEBUG_INFO = NO;
				MTL_FAST_MATH = YES;
				SDKROOT = iphoneos;
				SWIFT_COMPILATION_MODE = wholemodule;
				SWIFT_OPTIMIZATION_LEVEL = "-O";
				VALIDATE_PRODUCT = YES;
			};
			name = Release;
		};
		96FC852227074E2300E88AB0 /* Debug */ = {
			isa = XCBuildConfiguration;
			buildSettings = {
				ASSETCATALOG_COMPILER_APPICON_NAME = AppIcon;
				ASSETCATALOG_COMPILER_GLOBAL_ACCENT_COLOR_NAME = AccentColor;
				CODE_SIGN_STYLE = Automatic;
				CURRENT_PROJECT_VERSION = 1;
				GENERATE_INFOPLIST_FILE = YES;
				INFOPLIST_FILE = RickAndMortyApp/Info.plist;
				INFOPLIST_KEY_UIApplicationSupportsIndirectInputEvents = YES;
				INFOPLIST_KEY_UILaunchStoryboardName = LaunchScreen;
				INFOPLIST_KEY_UIMainStoryboardFile = Main;
				INFOPLIST_KEY_UISupportedInterfaceOrientations_iPad = "UIInterfaceOrientationPortrait UIInterfaceOrientationPortraitUpsideDown UIInterfaceOrientationLandscapeLeft UIInterfaceOrientationLandscapeRight";
				INFOPLIST_KEY_UISupportedInterfaceOrientations_iPhone = "UIInterfaceOrientationPortrait UIInterfaceOrientationLandscapeLeft UIInterfaceOrientationLandscapeRight";
				LD_RUNPATH_SEARCH_PATHS = (
					"$(inherited)",
					"@executable_path/Frameworks",
				);
				MARKETING_VERSION = 1.0;
				PRODUCT_BUNDLE_IDENTIFIER = com.ciandt.RickAndMortyApp;
				PRODUCT_NAME = "$(TARGET_NAME)";
				SWIFT_EMIT_LOC_STRINGS = YES;
				SWIFT_VERSION = 5.0;
				TARGETED_DEVICE_FAMILY = "1,2";
			};
			name = Debug;
		};
		96FC852327074E2300E88AB0 /* Release */ = {
			isa = XCBuildConfiguration;
			buildSettings = {
				ASSETCATALOG_COMPILER_APPICON_NAME = AppIcon;
				ASSETCATALOG_COMPILER_GLOBAL_ACCENT_COLOR_NAME = AccentColor;
				CODE_SIGN_STYLE = Automatic;
				CURRENT_PROJECT_VERSION = 1;
				GENERATE_INFOPLIST_FILE = YES;
				INFOPLIST_FILE = RickAndMortyApp/Info.plist;
				INFOPLIST_KEY_UIApplicationSupportsIndirectInputEvents = YES;
				INFOPLIST_KEY_UILaunchStoryboardName = LaunchScreen;
				INFOPLIST_KEY_UIMainStoryboardFile = Main;
				INFOPLIST_KEY_UISupportedInterfaceOrientations_iPad = "UIInterfaceOrientationPortrait UIInterfaceOrientationPortraitUpsideDown UIInterfaceOrientationLandscapeLeft UIInterfaceOrientationLandscapeRight";
				INFOPLIST_KEY_UISupportedInterfaceOrientations_iPhone = "UIInterfaceOrientationPortrait UIInterfaceOrientationLandscapeLeft UIInterfaceOrientationLandscapeRight";
				LD_RUNPATH_SEARCH_PATHS = (
					"$(inherited)",
					"@executable_path/Frameworks",
				);
				MARKETING_VERSION = 1.0;
				PRODUCT_BUNDLE_IDENTIFIER = com.ciandt.RickAndMortyApp;
				PRODUCT_NAME = "$(TARGET_NAME)";
				SWIFT_EMIT_LOC_STRINGS = YES;
				SWIFT_VERSION = 5.0;
				TARGETED_DEVICE_FAMILY = "1,2";
			};
			name = Release;
		};
		96FC852527074E2300E88AB0 /* Debug */ = {
			isa = XCBuildConfiguration;
			buildSettings = {
				ALWAYS_EMBED_SWIFT_STANDARD_LIBRARIES = YES;
				BUNDLE_LOADER = "$(TEST_HOST)";
				CODE_SIGN_STYLE = Automatic;
				CURRENT_PROJECT_VERSION = 1;
				GENERATE_INFOPLIST_FILE = YES;
				IPHONEOS_DEPLOYMENT_TARGET = 15.0;
				LD_RUNPATH_SEARCH_PATHS = (
					"$(inherited)",
					"@executable_path/Frameworks",
					"@loader_path/Frameworks",
				);
				MARKETING_VERSION = 1.0;
				PRODUCT_BUNDLE_IDENTIFIER = com.ciandt.RickAndMortyAppTests;
				PRODUCT_NAME = "$(TARGET_NAME)";
				SWIFT_EMIT_LOC_STRINGS = NO;
				SWIFT_VERSION = 5.0;
				TARGETED_DEVICE_FAMILY = "1,2";
				TEST_HOST = "$(BUILT_PRODUCTS_DIR)/RickAndMortyApp.app/RickAndMortyApp";
			};
			name = Debug;
		};
		96FC852627074E2300E88AB0 /* Release */ = {
			isa = XCBuildConfiguration;
			buildSettings = {
				ALWAYS_EMBED_SWIFT_STANDARD_LIBRARIES = YES;
				BUNDLE_LOADER = "$(TEST_HOST)";
				CODE_SIGN_STYLE = Automatic;
				CURRENT_PROJECT_VERSION = 1;
				GENERATE_INFOPLIST_FILE = YES;
				IPHONEOS_DEPLOYMENT_TARGET = 15.0;
				LD_RUNPATH_SEARCH_PATHS = (
					"$(inherited)",
					"@executable_path/Frameworks",
					"@loader_path/Frameworks",
				);
				MARKETING_VERSION = 1.0;
				PRODUCT_BUNDLE_IDENTIFIER = com.ciandt.RickAndMortyAppTests;
				PRODUCT_NAME = "$(TARGET_NAME)";
				SWIFT_EMIT_LOC_STRINGS = NO;
				SWIFT_VERSION = 5.0;
				TARGETED_DEVICE_FAMILY = "1,2";
				TEST_HOST = "$(BUILT_PRODUCTS_DIR)/RickAndMortyApp.app/RickAndMortyApp";
			};
			name = Release;
		};
		96FC852827074E2300E88AB0 /* Debug */ = {
			isa = XCBuildConfiguration;
			buildSettings = {
				ALWAYS_EMBED_SWIFT_STANDARD_LIBRARIES = YES;
				CODE_SIGN_STYLE = Automatic;
				CURRENT_PROJECT_VERSION = 1;
				GENERATE_INFOPLIST_FILE = YES;
				LD_RUNPATH_SEARCH_PATHS = (
					"$(inherited)",
					"@executable_path/Frameworks",
					"@loader_path/Frameworks",
				);
				MARKETING_VERSION = 1.0;
				PRODUCT_BUNDLE_IDENTIFIER = com.ciandt.RickAndMortyAppUITests;
				PRODUCT_NAME = "$(TARGET_NAME)";
				SWIFT_EMIT_LOC_STRINGS = NO;
				SWIFT_VERSION = 5.0;
				TARGETED_DEVICE_FAMILY = "1,2";
				TEST_TARGET_NAME = RickAndMortyApp;
			};
			name = Debug;
		};
		96FC852927074E2300E88AB0 /* Release */ = {
			isa = XCBuildConfiguration;
			buildSettings = {
				ALWAYS_EMBED_SWIFT_STANDARD_LIBRARIES = YES;
				CODE_SIGN_STYLE = Automatic;
				CURRENT_PROJECT_VERSION = 1;
				GENERATE_INFOPLIST_FILE = YES;
				LD_RUNPATH_SEARCH_PATHS = (
					"$(inherited)",
					"@executable_path/Frameworks",
					"@loader_path/Frameworks",
				);
				MARKETING_VERSION = 1.0;
				PRODUCT_BUNDLE_IDENTIFIER = com.ciandt.RickAndMortyAppUITests;
				PRODUCT_NAME = "$(TARGET_NAME)";
				SWIFT_EMIT_LOC_STRINGS = NO;
				SWIFT_VERSION = 5.0;
				TARGETED_DEVICE_FAMILY = "1,2";
				TEST_TARGET_NAME = RickAndMortyApp;
			};
			name = Release;
		};
/* End XCBuildConfiguration section */

/* Begin XCConfigurationList section */
		96FC84F227074E2000E88AB0 /* Build configuration list for PBXProject "RickAndMortyApp" */ = {
			isa = XCConfigurationList;
			buildConfigurations = (
				96FC851F27074E2300E88AB0 /* Debug */,
				96FC852027074E2300E88AB0 /* Release */,
			);
			defaultConfigurationIsVisible = 0;
			defaultConfigurationName = Release;
		};
		96FC852127074E2300E88AB0 /* Build configuration list for PBXNativeTarget "RickAndMortyApp" */ = {
			isa = XCConfigurationList;
			buildConfigurations = (
				96FC852227074E2300E88AB0 /* Debug */,
				96FC852327074E2300E88AB0 /* Release */,
			);
			defaultConfigurationIsVisible = 0;
			defaultConfigurationName = Release;
		};
		96FC852427074E2300E88AB0 /* Build configuration list for PBXNativeTarget "RickAndMortyAppTests" */ = {
			isa = XCConfigurationList;
			buildConfigurations = (
				96FC852527074E2300E88AB0 /* Debug */,
				96FC852627074E2300E88AB0 /* Release */,
			);
			defaultConfigurationIsVisible = 0;
			defaultConfigurationName = Release;
		};
		96FC852727074E2300E88AB0 /* Build configuration list for PBXNativeTarget "RickAndMortyAppUITests" */ = {
			isa = XCConfigurationList;
			buildConfigurations = (
				96FC852827074E2300E88AB0 /* Debug */,
				96FC852927074E2300E88AB0 /* Release */,
			);
			defaultConfigurationIsVisible = 0;
			defaultConfigurationName = Release;
		};
/* End XCConfigurationList section */

/* Begin XCRemoteSwiftPackageReference section */
		96FF0344270B2FDC00E3DFE5 /* XCRemoteSwiftPackageReference "SDWebImage" */ = {
			isa = XCRemoteSwiftPackageReference;
			repositoryURL = "https://github.com/SDWebImage/SDWebImage.git";
			requirement = {
				kind = upToNextMinorVersion;
				minimumVersion = 5.9.0;
			};
		};
		96FF0349270B458F00E3DFE5 /* XCRemoteSwiftPackageReference "Swinject" */ = {
			isa = XCRemoteSwiftPackageReference;
			repositoryURL = "https://github.com/Swinject/Swinject.git";
			requirement = {
				kind = upToNextMinorVersion;
				minimumVersion = 2.8.0;
			};
		};
/* End XCRemoteSwiftPackageReference section */

/* Begin XCSwiftPackageProductDependency section */
		96FF0345270B2FDC00E3DFE5 /* SDWebImage */ = {
			isa = XCSwiftPackageProductDependency;
			package = 96FF0344270B2FDC00E3DFE5 /* XCRemoteSwiftPackageReference "SDWebImage" */;
			productName = SDWebImage;
		};
		96FF034A270B458F00E3DFE5 /* Swinject */ = {
			isa = XCSwiftPackageProductDependency;
			package = 96FF0349270B458F00E3DFE5 /* XCRemoteSwiftPackageReference "Swinject" */;
			productName = Swinject;
		};
/* End XCSwiftPackageProductDependency section */
	};
	rootObject = 96FC84EF27074E2000E88AB0 /* Project object */;
}
